
Microsoft Visual Studio Solution File, Format Version 12.00
Project("{F2A71F9B-5D33-465A-A702-920D77279786}") = "day2", "day2\day2.fsproj", "{0DD94DF2-8E75-4490-9E97-351AD23985CF}"
EndProject
Project("{F2A71F9B-5D33-465A-A702-920D77279786}") = "fsutils", "fsutils\fsutils.fsproj", "{99C9E962-CB0B-4201-AEBD-1A9C8BEA7CE8}"
EndProject
Project("{F2A71F9B-5D33-465A-A702-920D77279786}") = "day3", "day3\day3.fsproj", "{39EE0A4E-293A-412F-BFF4-7713926BAC5F}"
EndProject
Project("{F2A71F9B-5D33-465A-A702-920D77279786}") = "day4", "day4\day4.fsproj", "{C7C3D0EC-22EC-4A00-8FDD-C4EF0520F93E}"
EndProject
Project("{F2A71F9B-5D33-465A-A702-920D77279786}") = "day5", "day5\day5.fsproj", "{406AC8AD-ECA4-42F8-858E-8148CA30D9B1}"
EndProject
Project("{F2A71F9B-5D33-465A-A702-920D77279786}") = "day6", "day6\day6.fsproj", "{C489DC81-0CC0-437E-B113-623F6A9E5262}"
EndProject
Project("{F2A71F9B-5D33-465A-A702-920D77279786}") = "day7", "day7\day7.fsproj", "{7F470254-763F-42BC-B224-359FCF780F34}"
EndProject
Project("{F2A71F9B-5D33-465A-A702-920D77279786}") = "day8", "day8\day8.fsproj", "{3AC67F1F-4AC8-447F-93A6-A5E391193222}"
EndProject
Project("{F2A71F9B-5D33-465A-A702-920D77279786}") = "day9", "day9\day9.fsproj", "{B09D22BF-A55B-4CED-A3D1-818C156EC8AE}"
EndProject
Project("{F2A71F9B-5D33-465A-A702-920D77279786}") = "day10", "day10\day10.fsproj", "{77D3B172-95C7-4D21-A268-D2924E19AEFC}"
EndProject
Project("{F2A71F9B-5D33-465A-A702-920D77279786}") = "day11", "day11\day11.fsproj", "{80C53390-D3C1-44B2-89D7-1336B5D0BD78}"
EndProject
Project("{F2A71F9B-5D33-465A-A702-920D77279786}") = "day12", "day12\day12.fsproj", "{3C734170-7179-4AA4-929F-1037023922C8}"
EndProject
Project("{F2A71F9B-5D33-465A-A702-920D77279786}") = "day13", "day13\day13.fsproj", "{CF5FB1AA-D767-484A-ABCC-86E4D0AB49BB}"
EndProject
Project("{F2A71F9B-5D33-465A-A702-920D77279786}") = "day14", "day14\day14.fsproj", "{95327EB5-3FB7-4592-A98B-8AB989EFEF69}"
EndProject
Project("{F2A71F9B-5D33-465A-A702-920D77279786}") = "day15", "day15\day15.fsproj", "{F40D0E03-5608-4C23-BD42-764D6175F6E2}"
EndProject
Project("{F2A71F9B-5D33-465A-A702-920D77279786}") = "day16", "day16\day16.fsproj", "{1032930B-57A2-4DC2-A023-4F2F703077F3}"
EndProject
Project("{F2A71F9B-5D33-465A-A702-920D77279786}") = "day17", "day17\day17.fsproj", "{BE248C35-B32A-4A96-A5D1-B5D51315FD55}"
EndProject
Project("{F2A71F9B-5D33-465A-A702-920D77279786}") = "day18", "day18\day18.fsproj", "{8AFC9A90-87C5-4C0A-B6DA-97D11EE6C8DA}"
EndProject
Global
	GlobalSection(SolutionConfigurationPlatforms) = preSolution
		Debug|Any CPU = Debug|Any CPU
		Release|Any CPU = Release|Any CPU
	EndGlobalSection
	GlobalSection(ProjectConfigurationPlatforms) = postSolution
		{0DD94DF2-8E75-4490-9E97-351AD23985CF}.Debug|Any CPU.ActiveCfg = Debug|Any CPU
		{0DD94DF2-8E75-4490-9E97-351AD23985CF}.Debug|Any CPU.Build.0 = Debug|Any CPU
		{0DD94DF2-8E75-4490-9E97-351AD23985CF}.Release|Any CPU.ActiveCfg = Release|Any CPU
		{0DD94DF2-8E75-4490-9E97-351AD23985CF}.Release|Any CPU.Build.0 = Release|Any CPU
		{99C9E962-CB0B-4201-AEBD-1A9C8BEA7CE8}.Debug|Any CPU.ActiveCfg = Debug|Any CPU
		{99C9E962-CB0B-4201-AEBD-1A9C8BEA7CE8}.Debug|Any CPU.Build.0 = Debug|Any CPU
		{99C9E962-CB0B-4201-AEBD-1A9C8BEA7CE8}.Release|Any CPU.ActiveCfg = Release|Any CPU
		{99C9E962-CB0B-4201-AEBD-1A9C8BEA7CE8}.Release|Any CPU.Build.0 = Release|Any CPU
		{39EE0A4E-293A-412F-BFF4-7713926BAC5F}.Debug|Any CPU.ActiveCfg = Debug|Any CPU
		{39EE0A4E-293A-412F-BFF4-7713926BAC5F}.Debug|Any CPU.Build.0 = Debug|Any CPU
		{39EE0A4E-293A-412F-BFF4-7713926BAC5F}.Release|Any CPU.ActiveCfg = Release|Any CPU
		{39EE0A4E-293A-412F-BFF4-7713926BAC5F}.Release|Any CPU.Build.0 = Release|Any CPU
		{C7C3D0EC-22EC-4A00-8FDD-C4EF0520F93E}.Debug|Any CPU.ActiveCfg = Debug|Any CPU
		{C7C3D0EC-22EC-4A00-8FDD-C4EF0520F93E}.Debug|Any CPU.Build.0 = Debug|Any CPU
		{C7C3D0EC-22EC-4A00-8FDD-C4EF0520F93E}.Release|Any CPU.ActiveCfg = Release|Any CPU
		{C7C3D0EC-22EC-4A00-8FDD-C4EF0520F93E}.Release|Any CPU.Build.0 = Release|Any CPU
		{406AC8AD-ECA4-42F8-858E-8148CA30D9B1}.Debug|Any CPU.ActiveCfg = Debug|Any CPU
		{406AC8AD-ECA4-42F8-858E-8148CA30D9B1}.Debug|Any CPU.Build.0 = Debug|Any CPU
		{406AC8AD-ECA4-42F8-858E-8148CA30D9B1}.Release|Any CPU.ActiveCfg = Release|Any CPU
		{406AC8AD-ECA4-42F8-858E-8148CA30D9B1}.Release|Any CPU.Build.0 = Release|Any CPU
		{C489DC81-0CC0-437E-B113-623F6A9E5262}.Debug|Any CPU.ActiveCfg = Debug|Any CPU
		{C489DC81-0CC0-437E-B113-623F6A9E5262}.Debug|Any CPU.Build.0 = Debug|Any CPU
		{C489DC81-0CC0-437E-B113-623F6A9E5262}.Release|Any CPU.ActiveCfg = Release|Any CPU
		{C489DC81-0CC0-437E-B113-623F6A9E5262}.Release|Any CPU.Build.0 = Release|Any CPU
		{7F470254-763F-42BC-B224-359FCF780F34}.Debug|Any CPU.ActiveCfg = Debug|Any CPU
		{7F470254-763F-42BC-B224-359FCF780F34}.Debug|Any CPU.Build.0 = Debug|Any CPU
		{7F470254-763F-42BC-B224-359FCF780F34}.Release|Any CPU.ActiveCfg = Release|Any CPU
		{7F470254-763F-42BC-B224-359FCF780F34}.Release|Any CPU.Build.0 = Release|Any CPU
		{3AC67F1F-4AC8-447F-93A6-A5E391193222}.Debug|Any CPU.ActiveCfg = Debug|Any CPU
		{3AC67F1F-4AC8-447F-93A6-A5E391193222}.Debug|Any CPU.Build.0 = Debug|Any CPU
		{3AC67F1F-4AC8-447F-93A6-A5E391193222}.Release|Any CPU.ActiveCfg = Release|Any CPU
		{3AC67F1F-4AC8-447F-93A6-A5E391193222}.Release|Any CPU.Build.0 = Release|Any CPU
		{B09D22BF-A55B-4CED-A3D1-818C156EC8AE}.Debug|Any CPU.ActiveCfg = Debug|Any CPU
		{B09D22BF-A55B-4CED-A3D1-818C156EC8AE}.Debug|Any CPU.Build.0 = Debug|Any CPU
		{B09D22BF-A55B-4CED-A3D1-818C156EC8AE}.Release|Any CPU.ActiveCfg = Release|Any CPU
		{B09D22BF-A55B-4CED-A3D1-818C156EC8AE}.Release|Any CPU.Build.0 = Release|Any CPU
		{77D3B172-95C7-4D21-A268-D2924E19AEFC}.Debug|Any CPU.ActiveCfg = Debug|Any CPU
		{77D3B172-95C7-4D21-A268-D2924E19AEFC}.Debug|Any CPU.Build.0 = Debug|Any CPU
		{77D3B172-95C7-4D21-A268-D2924E19AEFC}.Release|Any CPU.ActiveCfg = Release|Any CPU
		{77D3B172-95C7-4D21-A268-D2924E19AEFC}.Release|Any CPU.Build.0 = Release|Any CPU
		{80C53390-D3C1-44B2-89D7-1336B5D0BD78}.Debug|Any CPU.ActiveCfg = Debug|Any CPU
		{80C53390-D3C1-44B2-89D7-1336B5D0BD78}.Debug|Any CPU.Build.0 = Debug|Any CPU
		{80C53390-D3C1-44B2-89D7-1336B5D0BD78}.Release|Any CPU.ActiveCfg = Release|Any CPU
		{80C53390-D3C1-44B2-89D7-1336B5D0BD78}.Release|Any CPU.Build.0 = Release|Any CPU
		{3C734170-7179-4AA4-929F-1037023922C8}.Debug|Any CPU.ActiveCfg = Debug|Any CPU
		{3C734170-7179-4AA4-929F-1037023922C8}.Debug|Any CPU.Build.0 = Debug|Any CPU
		{3C734170-7179-4AA4-929F-1037023922C8}.Release|Any CPU.ActiveCfg = Release|Any CPU
		{3C734170-7179-4AA4-929F-1037023922C8}.Release|Any CPU.Build.0 = Release|Any CPU
		{CF5FB1AA-D767-484A-ABCC-86E4D0AB49BB}.Debug|Any CPU.ActiveCfg = Debug|Any CPU
		{CF5FB1AA-D767-484A-ABCC-86E4D0AB49BB}.Debug|Any CPU.Build.0 = Debug|Any CPU
		{CF5FB1AA-D767-484A-ABCC-86E4D0AB49BB}.Release|Any CPU.ActiveCfg = Release|Any CPU
		{CF5FB1AA-D767-484A-ABCC-86E4D0AB49BB}.Release|Any CPU.Build.0 = Release|Any CPU
		{95327EB5-3FB7-4592-A98B-8AB989EFEF69}.Debug|Any CPU.ActiveCfg = Debug|Any CPU
		{95327EB5-3FB7-4592-A98B-8AB989EFEF69}.Debug|Any CPU.Build.0 = Debug|Any CPU
		{95327EB5-3FB7-4592-A98B-8AB989EFEF69}.Release|Any CPU.ActiveCfg = Release|Any CPU
		{95327EB5-3FB7-4592-A98B-8AB989EFEF69}.Release|Any CPU.Build.0 = Release|Any CPU
		{F40D0E03-5608-4C23-BD42-764D6175F6E2}.Debug|Any CPU.ActiveCfg = Debug|Any CPU
		{F40D0E03-5608-4C23-BD42-764D6175F6E2}.Debug|Any CPU.Build.0 = Debug|Any CPU
		{F40D0E03-5608-4C23-BD42-764D6175F6E2}.Release|Any CPU.ActiveCfg = Release|Any CPU
		{F40D0E03-5608-4C23-BD42-764D6175F6E2}.Release|Any CPU.Build.0 = Release|Any CPU
		{1032930B-57A2-4DC2-A023-4F2F703077F3}.Debug|Any CPU.ActiveCfg = Debug|Any CPU
		{1032930B-57A2-4DC2-A023-4F2F703077F3}.Debug|Any CPU.Build.0 = Debug|Any CPU
		{1032930B-57A2-4DC2-A023-4F2F703077F3}.Release|Any CPU.ActiveCfg = Release|Any CPU
		{1032930B-57A2-4DC2-A023-4F2F703077F3}.Release|Any CPU.Build.0 = Release|Any CPU
		{BE248C35-B32A-4A96-A5D1-B5D51315FD55}.Debug|Any CPU.ActiveCfg = Debug|Any CPU
		{BE248C35-B32A-4A96-A5D1-B5D51315FD55}.Debug|Any CPU.Build.0 = Debug|Any CPU
		{BE248C35-B32A-4A96-A5D1-B5D51315FD55}.Release|Any CPU.ActiveCfg = Release|Any CPU
		{BE248C35-B32A-4A96-A5D1-B5D51315FD55}.Release|Any CPU.Build.0 = Release|Any CPU
		{8AFC9A90-87C5-4C0A-B6DA-97D11EE6C8DA}.Debug|Any CPU.ActiveCfg = Debug|Any CPU
		{8AFC9A90-87C5-4C0A-B6DA-97D11EE6C8DA}.Debug|Any CPU.Build.0 = Debug|Any CPU
		{8AFC9A90-87C5-4C0A-B6DA-97D11EE6C8DA}.Release|Any CPU.ActiveCfg = Release|Any CPU
		{8AFC9A90-87C5-4C0A-B6DA-97D11EE6C8DA}.Release|Any CPU.Build.0 = Release|Any CPU
	EndGlobalSection
EndGlobal
