
Microsoft Visual Studio Solution File, Format Version 12.00
Project("{F2A71F9B-5D33-465A-A702-920D77279786}") = "day2", "day2\day2.fsproj", "{0DD94DF2-8E75-4490-9E97-351AD23985CF}"
EndProject
Project("{F2A71F9B-5D33-465A-A702-920D77279786}") = "fsutils", "fsutils\fsutils.fsproj", "{99C9E962-CB0B-4201-AEBD-1A9C8BEA7CE8}"
EndProject
Project("{F2A71F9B-5D33-465A-A702-920D77279786}") = "day3", "day3\day3.fsproj", "{39EE0A4E-293A-412F-BFF4-7713926BAC5F}"
EndProject
Project("{F2A71F9B-5D33-465A-A702-920D77279786}") = "day4", "day4\day4.fsproj", "{C7C3D0EC-22EC-4A00-8FDD-C4EF0520F93E}"
EndProject
Project("{F2A71F9B-5D33-465A-A702-920D77279786}") = "day5", "day5\day5.fsproj", "{406AC8AD-ECA4-42F8-858E-8148CA30D9B1}"
EndProject
Project("{F2A71F9B-5D33-465A-A702-920D77279786}") = "day6", "day6\day6.fsproj", "{C489DC81-0CC0-437E-B113-623F6A9E5262}"
EndProject
Project("{F2A71F9B-5D33-465A-A702-920D77279786}") = "day7", "day7\day7.fsproj", "{7F470254-763F-42BC-B224-359FCF780F34}"
EndProject
Project("{F2A71F9B-5D33-465A-A702-920D77279786}") = "day8", "day8\day8.fsproj", "{3AC67F1F-4AC8-447F-93A6-A5E391193222}"
EndProject
Global
	GlobalSection(SolutionConfigurationPlatforms) = preSolution
		Debug|Any CPU = Debug|Any CPU
		Release|Any CPU = Release|Any CPU
	EndGlobalSection
	GlobalSection(ProjectConfigurationPlatforms) = postSolution
		{0DD94DF2-8E75-4490-9E97-351AD23985CF}.Debug|Any CPU.ActiveCfg = Debug|Any CPU
		{0DD94DF2-8E75-4490-9E97-351AD23985CF}.Debug|Any CPU.Build.0 = Debug|Any CPU
		{0DD94DF2-8E75-4490-9E97-351AD23985CF}.Release|Any CPU.ActiveCfg = Release|Any CPU
		{0DD94DF2-8E75-4490-9E97-351AD23985CF}.Release|Any CPU.Build.0 = Release|Any CPU
		{99C9E962-CB0B-4201-AEBD-1A9C8BEA7CE8}.Debug|Any CPU.ActiveCfg = Debug|Any CPU
		{99C9E962-CB0B-4201-AEBD-1A9C8BEA7CE8}.Debug|Any CPU.Build.0 = Debug|Any CPU
		{99C9E962-CB0B-4201-AEBD-1A9C8BEA7CE8}.Release|Any CPU.ActiveCfg = Release|Any CPU
		{99C9E962-CB0B-4201-AEBD-1A9C8BEA7CE8}.Release|Any CPU.Build.0 = Release|Any CPU
		{39EE0A4E-293A-412F-BFF4-7713926BAC5F}.Debug|Any CPU.ActiveCfg = Debug|Any CPU
		{39EE0A4E-293A-412F-BFF4-7713926BAC5F}.Debug|Any CPU.Build.0 = Debug|Any CPU
		{39EE0A4E-293A-412F-BFF4-7713926BAC5F}.Release|Any CPU.ActiveCfg = Release|Any CPU
		{39EE0A4E-293A-412F-BFF4-7713926BAC5F}.Release|Any CPU.Build.0 = Release|Any CPU
		{C7C3D0EC-22EC-4A00-8FDD-C4EF0520F93E}.Debug|Any CPU.ActiveCfg = Debug|Any CPU
		{C7C3D0EC-22EC-4A00-8FDD-C4EF0520F93E}.Debug|Any CPU.Build.0 = Debug|Any CPU
		{C7C3D0EC-22EC-4A00-8FDD-C4EF0520F93E}.Release|Any CPU.ActiveCfg = Release|Any CPU
		{C7C3D0EC-22EC-4A00-8FDD-C4EF0520F93E}.Release|Any CPU.Build.0 = Release|Any CPU
		{406AC8AD-ECA4-42F8-858E-8148CA30D9B1}.Debug|Any CPU.ActiveCfg = Debug|Any CPU
		{406AC8AD-ECA4-42F8-858E-8148CA30D9B1}.Debug|Any CPU.Build.0 = Debug|Any CPU
		{406AC8AD-ECA4-42F8-858E-8148CA30D9B1}.Release|Any CPU.ActiveCfg = Release|Any CPU
		{406AC8AD-ECA4-42F8-858E-8148CA30D9B1}.Release|Any CPU.Build.0 = Release|Any CPU
		{C489DC81-0CC0-437E-B113-623F6A9E5262}.Debug|Any CPU.ActiveCfg = Debug|Any CPU
		{C489DC81-0CC0-437E-B113-623F6A9E5262}.Debug|Any CPU.Build.0 = Debug|Any CPU
		{C489DC81-0CC0-437E-B113-623F6A9E5262}.Release|Any CPU.ActiveCfg = Release|Any CPU
		{C489DC81-0CC0-437E-B113-623F6A9E5262}.Release|Any CPU.Build.0 = Release|Any CPU
		{7F470254-763F-42BC-B224-359FCF780F34}.Debug|Any CPU.ActiveCfg = Debug|Any CPU
		{7F470254-763F-42BC-B224-359FCF780F34}.Debug|Any CPU.Build.0 = Debug|Any CPU
		{7F470254-763F-42BC-B224-359FCF780F34}.Release|Any CPU.ActiveCfg = Release|Any CPU
		{7F470254-763F-42BC-B224-359FCF780F34}.Release|Any CPU.Build.0 = Release|Any CPU
		{3AC67F1F-4AC8-447F-93A6-A5E391193222}.Debug|Any CPU.ActiveCfg = Debug|Any CPU
		{3AC67F1F-4AC8-447F-93A6-A5E391193222}.Debug|Any CPU.Build.0 = Debug|Any CPU
		{3AC67F1F-4AC8-447F-93A6-A5E391193222}.Release|Any CPU.ActiveCfg = Release|Any CPU
		{3AC67F1F-4AC8-447F-93A6-A5E391193222}.Release|Any CPU.Build.0 = Release|Any CPU
	EndGlobalSection
EndGlobal
